// !$*UTF8*$!
{
	archiveVersion = 1;
	classes = {
	};
	objectVersion = 51;
	objects = {

/* Begin PBXBuildFile section */
		EE18426959DF7F043CEFBC88 /* Pods_Alura_Ingressos.framework in Frameworks */ = {isa = PBXBuildFile; fileRef = B52B3741DE69CCDEF29E7304 /* Pods_Alura_Ingressos.framework */; };
		FB5D05A6268571CB000C7348 /* AppDelegate.swift in Sources */ = {isa = PBXBuildFile; fileRef = FB5D05A5268571CB000C7348 /* AppDelegate.swift */; };
		FB5D05A8268571CB000C7348 /* SceneDelegate.swift in Sources */ = {isa = PBXBuildFile; fileRef = FB5D05A7268571CB000C7348 /* SceneDelegate.swift */; };
		FB5D05AA268571CB000C7348 /* ViewController.swift in Sources */ = {isa = PBXBuildFile; fileRef = FB5D05A9268571CB000C7348 /* ViewController.swift */; };
		FB5D05AD268571CB000C7348 /* Main.storyboard in Resources */ = {isa = PBXBuildFile; fileRef = FB5D05AB268571CB000C7348 /* Main.storyboard */; };
		FB5D05AF268571CD000C7348 /* Assets.xcassets in Resources */ = {isa = PBXBuildFile; fileRef = FB5D05AE268571CD000C7348 /* Assets.xcassets */; };
		FB5D05B2268571CD000C7348 /* LaunchScreen.storyboard in Resources */ = {isa = PBXBuildFile; fileRef = FB5D05B0268571CD000C7348 /* LaunchScreen.storyboard */; };
		FB5D05BD26857904000C7348 /* banner.png in Resources */ = {isa = PBXBuildFile; fileRef = FB5D05BA26857904000C7348 /* banner.png */; };
		FB5D05BE26857904000C7348 /* logo_alura.png in Resources */ = {isa = PBXBuildFile; fileRef = FB5D05BB26857904000C7348 /* logo_alura.png */; };
		FB5D05BF26857904000C7348 /* bandeiras_cartoes.png in Resources */ = {isa = PBXBuildFile; fileRef = FB5D05BC26857904000C7348 /* bandeiras_cartoes.png */; };
		FB5D05C326857DA7000C7348 /* ValidaFormulario.swift in Sources */ = {isa = PBXBuildFile; fileRef = FB5D05C226857DA7000C7348 /* ValidaFormulario.swift */; };
		FB5D05C526868D85000C7348 /* Localizacao.swift in Sources */ = {isa = PBXBuildFile; fileRef = FB5D05C426868D85000C7348 /* Localizacao.swift */; };
		FB5D05C726868DBA000C7348 /* LocalizacaoConsultaAPI.swift in Sources */ = {isa = PBXBuildFile; fileRef = FB5D05C626868DBA000C7348 /* LocalizacaoConsultaAPI.swift */; };
/* End PBXBuildFile section */

/* Begin PBXFileReference section */
		8F84E52A6634A98BFA4793F0 /* Pods-Alura Ingressos.release.xcconfig */ = {isa = PBXFileReference; includeInIndex = 1; lastKnownFileType = text.xcconfig; name = "Pods-Alura Ingressos.release.xcconfig"; path = "Target Support Files/Pods-Alura Ingressos/Pods-Alura Ingressos.release.xcconfig"; sourceTree = "<group>"; };
		B52B3741DE69CCDEF29E7304 /* Pods_Alura_Ingressos.framework */ = {isa = PBXFileReference; explicitFileType = wrapper.framework; includeInIndex = 0; path = Pods_Alura_Ingressos.framework; sourceTree = BUILT_PRODUCTS_DIR; };
		FB5D05A2268571CB000C7348 /* Alura Ingressos.app */ = {isa = PBXFileReference; explicitFileType = wrapper.application; includeInIndex = 0; path = "Alura Ingressos.app"; sourceTree = BUILT_PRODUCTS_DIR; };
		FB5D05A5268571CB000C7348 /* AppDelegate.swift */ = {isa = PBXFileReference; lastKnownFileType = sourcecode.swift; path = AppDelegate.swift; sourceTree = "<group>"; };
		FB5D05A7268571CB000C7348 /* SceneDelegate.swift */ = {isa = PBXFileReference; lastKnownFileType = sourcecode.swift; path = SceneDelegate.swift; sourceTree = "<group>"; };
		FB5D05A9268571CB000C7348 /* ViewController.swift */ = {isa = PBXFileReference; lastKnownFileType = sourcecode.swift; path = ViewController.swift; sourceTree = "<group>"; };
		FB5D05AC268571CB000C7348 /* Base */ = {isa = PBXFileReference; lastKnownFileType = file.storyboard; name = Base; path = Base.lproj/Main.storyboard; sourceTree = "<group>"; };
		FB5D05AE268571CD000C7348 /* Assets.xcassets */ = {isa = PBXFileReference; lastKnownFileType = folder.assetcatalog; path = Assets.xcassets; sourceTree = "<group>"; };
		FB5D05B1268571CD000C7348 /* Base */ = {isa = PBXFileReference; lastKnownFileType = file.storyboard; name = Base; path = Base.lproj/LaunchScreen.storyboard; sourceTree = "<group>"; };
		FB5D05B3268571CD000C7348 /* Info.plist */ = {isa = PBXFileReference; lastKnownFileType = text.plist.xml; path = Info.plist; sourceTree = "<group>"; };
		FB5D05BA26857904000C7348 /* banner.png */ = {isa = PBXFileReference; lastKnownFileType = image.png; path = banner.png; sourceTree = "<group>"; };
		FB5D05BB26857904000C7348 /* logo_alura.png */ = {isa = PBXFileReference; lastKnownFileType = image.png; path = logo_alura.png; sourceTree = "<group>"; };
		FB5D05BC26857904000C7348 /* bandeiras_cartoes.png */ = {isa = PBXFileReference; lastKnownFileType = image.png; path = bandeiras_cartoes.png; sourceTree = "<group>"; };
		FB5D05C226857DA7000C7348 /* ValidaFormulario.swift */ = {isa = PBXFileReference; lastKnownFileType = sourcecode.swift; path = ValidaFormulario.swift; sourceTree = "<group>"; };
		FB5D05C426868D85000C7348 /* Localizacao.swift */ = {isa = PBXFileReference; lastKnownFileType = sourcecode.swift; path = Localizacao.swift; sourceTree = "<group>"; };
		FB5D05C626868DBA000C7348 /* LocalizacaoConsultaAPI.swift */ = {isa = PBXFileReference; lastKnownFileType = sourcecode.swift; path = LocalizacaoConsultaAPI.swift; sourceTree = "<group>"; };
		FC61A1E27FC1DE8027E5C6A2 /* Pods-Alura Ingressos.debug.xcconfig */ = {isa = PBXFileReference; includeInIndex = 1; lastKnownFileType = text.xcconfig; name = "Pods-Alura Ingressos.debug.xcconfig"; path = "Target Support Files/Pods-Alura Ingressos/Pods-Alura Ingressos.debug.xcconfig"; sourceTree = "<group>"; };
/* End PBXFileReference section */

/* Begin PBXFrameworksBuildPhase section */
		FB5D059F268571CB000C7348 /* Frameworks */ = {
			isa = PBXFrameworksBuildPhase;
			buildActionMask = 2147483647;
			files = (
				EE18426959DF7F043CEFBC88 /* Pods_Alura_Ingressos.framework in Frameworks */,
			);
			runOnlyForDeploymentPostprocessing = 0;
		};
/* End PBXFrameworksBuildPhase section */

/* Begin PBXGroup section */
		36A1DAE2AA86575FA418B31E /* Pods */ = {
			isa = PBXGroup;
			children = (
				FC61A1E27FC1DE8027E5C6A2 /* Pods-Alura Ingressos.debug.xcconfig */,
				8F84E52A6634A98BFA4793F0 /* Pods-Alura Ingressos.release.xcconfig */,
			);
			path = Pods;
			sourceTree = "<group>";
		};
		DE00ACFFF4152953FF3BA4D6 /* Frameworks */ = {
			isa = PBXGroup;
			children = (
				B52B3741DE69CCDEF29E7304 /* Pods_Alura_Ingressos.framework */,
			);
			name = Frameworks;
			sourceTree = "<group>";
		};
		FB5D0599268571CB000C7348 = {
			isa = PBXGroup;
			children = (
				FB5D05A4268571CB000C7348 /* Alura Ingressos */,
				FB5D05A3268571CB000C7348 /* Products */,
				36A1DAE2AA86575FA418B31E /* Pods */,
				DE00ACFFF4152953FF3BA4D6 /* Frameworks */,
			);
			sourceTree = "<group>";
		};
		FB5D05A3268571CB000C7348 /* Products */ = {
			isa = PBXGroup;
			children = (
				FB5D05A2268571CB000C7348 /* Alura Ingressos.app */,
			);
			name = Products;
			sourceTree = "<group>";
		};
		FB5D05A4268571CB000C7348 /* Alura Ingressos */ = {
			isa = PBXGroup;
			children = (
				FB5D05A5268571CB000C7348 /* AppDelegate.swift */,
				FB5D05C026857D60000C7348 /* Model */,
				FB5D05C126857D67000C7348 /* Controller */,
				FB5D05B9268578A2000C7348 /* Assets */,
				FB5D05A7268571CB000C7348 /* SceneDelegate.swift */,
				FB5D05AB268571CB000C7348 /* Main.storyboard */,
				FB5D05AE268571CD000C7348 /* Assets.xcassets */,
				FB5D05B0268571CD000C7348 /* LaunchScreen.storyboard */,
				FB5D05B3268571CD000C7348 /* Info.plist */,
			);
			path = "Alura Ingressos";
			sourceTree = "<group>";
		};
		FB5D05B9268578A2000C7348 /* Assets */ = {
			isa = PBXGroup;
			children = (
				FB5D05BC26857904000C7348 /* bandeiras_cartoes.png */,
				FB5D05BA26857904000C7348 /* banner.png */,
				FB5D05BB26857904000C7348 /* logo_alura.png */,
			);
			path = Assets;
			sourceTree = "<group>";
		};
		FB5D05C026857D60000C7348 /* Model */ = {
			isa = PBXGroup;
			children = (
				FB5D05C226857DA7000C7348 /* ValidaFormulario.swift */,
				FB5D05C426868D85000C7348 /* Localizacao.swift */,
				FB5D05C626868DBA000C7348 /* LocalizacaoConsultaAPI.swift */,
			);
			path = Model;
			sourceTree = "<group>";
		};
		FB5D05C126857D67000C7348 /* Controller */ = {
			isa = PBXGroup;
			children = (
				FB5D05A9268571CB000C7348 /* ViewController.swift */,
			);
			path = Controller;
			sourceTree = "<group>";
		};
/* End PBXGroup section */

/* Begin PBXNativeTarget section */
		FB5D05A1268571CB000C7348 /* Alura Ingressos */ = {
			isa = PBXNativeTarget;
			buildConfigurationList = FB5D05B6268571CD000C7348 /* Build configuration list for PBXNativeTarget "Alura Ingressos" */;
			buildPhases = (
				C9D2895AFFE411D47AFB1A3A /* [CP] Check Pods Manifest.lock */,
				FB5D059E268571CB000C7348 /* Sources */,
				FB5D059F268571CB000C7348 /* Frameworks */,
				FB5D05A0268571CB000C7348 /* Resources */,
				E6BA7BFFCC87168FFEDA7A1D /* [CP] Embed Pods Frameworks */,
			);
			buildRules = (
			);
			dependencies = (
			);
			name = "Alura Ingressos";
			productName = "Alura Ingressos";
			productReference = FB5D05A2268571CB000C7348 /* Alura Ingressos.app */;
			productType = "com.apple.product-type.application";
		};
/* End PBXNativeTarget section */

/* Begin PBXProject section */
		FB5D059A268571CB000C7348 /* Project object */ = {
			isa = PBXProject;
			attributes = {
				LastSwiftUpdateCheck = 1250;
				LastUpgradeCheck = 1250;
				TargetAttributes = {
					FB5D05A1268571CB000C7348 = {
						CreatedOnToolsVersion = 12.5;
					};
				};
			};
			buildConfigurationList = FB5D059D268571CB000C7348 /* Build configuration list for PBXProject "Alura Ingressos" */;
			compatibilityVersion = "Xcode 9.3";
			developmentRegion = en;
			hasScannedForEncodings = 0;
			knownRegions = (
				en,
				Base,
			);
			mainGroup = FB5D0599268571CB000C7348;
			productRefGroup = FB5D05A3268571CB000C7348 /* Products */;
			projectDirPath = "";
			projectRoot = "";
			targets = (
				FB5D05A1268571CB000C7348 /* Alura Ingressos */,
			);
		};
/* End PBXProject section */

/* Begin PBXResourcesBuildPhase section */
		FB5D05A0268571CB000C7348 /* Resources */ = {
			isa = PBXResourcesBuildPhase;
			buildActionMask = 2147483647;
			files = (
				FB5D05B2268571CD000C7348 /* LaunchScreen.storyboard in Resources */,
				FB5D05BE26857904000C7348 /* logo_alura.png in Resources */,
				FB5D05AF268571CD000C7348 /* Assets.xcassets in Resources */,
				FB5D05BF26857904000C7348 /* bandeiras_cartoes.png in Resources */,
				FB5D05AD268571CB000C7348 /* Main.storyboard in Resources */,
				FB5D05BD26857904000C7348 /* banner.png in Resources */,
			);
			runOnlyForDeploymentPostprocessing = 0;
		};
/* End PBXResourcesBuildPhase section */

/* Begin PBXShellScriptBuildPhase section */
		C9D2895AFFE411D47AFB1A3A /* [CP] Check Pods Manifest.lock */ = {
			isa = PBXShellScriptBuildPhase;
			buildActionMask = 2147483647;
			files = (
			);
			inputFileListPaths = (
			);
			inputPaths = (
				"${PODS_PODFILE_DIR_PATH}/Podfile.lock",
				"${PODS_ROOT}/Manifest.lock",
			);
			name = "[CP] Check Pods Manifest.lock";
			outputFileListPaths = (
			);
			outputPaths = (
				"$(DERIVED_FILE_DIR)/Pods-Alura Ingressos-checkManifestLockResult.txt",
			);
			runOnlyForDeploymentPostprocessing = 0;
			shellPath = /bin/sh;
			shellScript = "diff \"${PODS_PODFILE_DIR_PATH}/Podfile.lock\" \"${PODS_ROOT}/Manifest.lock\" > /dev/null\nif [ $? != 0 ] ; then\n    # print error to STDERR\n    echo \"error: The sandbox is not in sync with the Podfile.lock. Run 'pod install' or update your CocoaPods installation.\" >&2\n    exit 1\nfi\n# This output is used by Xcode 'outputs' to avoid re-running this script phase.\necho \"SUCCESS\" > \"${SCRIPT_OUTPUT_FILE_0}\"\n";
			showEnvVarsInLog = 0;
		};
		E6BA7BFFCC87168FFEDA7A1D /* [CP] Embed Pods Frameworks */ = {
			isa = PBXShellScriptBuildPhase;
			buildActionMask = 2147483647;
			files = (
			);
			inputFileListPaths = (
				"${PODS_ROOT}/Target Support Files/Pods-Alura Ingressos/Pods-Alura Ingressos-frameworks-${CONFIGURATION}-input-files.xcfilelist",
			);
			name = "[CP] Embed Pods Frameworks";
			outputFileListPaths = (
				"${PODS_ROOT}/Target Support Files/Pods-Alura Ingressos/Pods-Alura Ingressos-frameworks-${CONFIGURATION}-output-files.xcfilelist",
			);
			runOnlyForDeploymentPostprocessing = 0;
			shellPath = /bin/sh;
			shellScript = "\"${PODS_ROOT}/Target Support Files/Pods-Alura Ingressos/Pods-Alura Ingressos-frameworks.sh\"\n";
			showEnvVarsInLog = 0;
		};
/* End PBXShellScriptBuildPhase section */

/* Begin PBXSourcesBuildPhase section */
		FB5D059E268571CB000C7348 /* Sources */ = {
			isa = PBXSourcesBuildPhase;
			buildActionMask = 2147483647;
			files = (
				FB5D05AA268571CB000C7348 /* ViewController.swift in Sources */,
				FB5D05A6268571CB000C7348 /* AppDelegate.swift in Sources */,
				FB5D05C326857DA7000C7348 /* ValidaFormulario.swift in Sources */,
				FB5D05A8268571CB000C7348 /* SceneDelegate.swift in Sources */,
				FB5D05C726868DBA000C7348 /* LocalizacaoConsultaAPI.swift in Sources */,
				FB5D05C526868D85000C7348 /* Localizacao.swift in Sources */,
			);
			runOnlyForDeploymentPostprocessing = 0;
		};
/* End PBXSourcesBuildPhase section */

/* Begin PBXVariantGroup section */
		FB5D05AB268571CB000C7348 /* Main.storyboard */ = {
			isa = PBXVariantGroup;
			children = (
				FB5D05AC268571CB000C7348 /* Base */,
			);
			name = Main.storyboard;
			sourceTree = "<group>";
		};
		FB5D05B0268571CD000C7348 /* LaunchScreen.storyboard */ = {
			isa = PBXVariantGroup;
			children = (
				FB5D05B1268571CD000C7348 /* Base */,
			);
			name = LaunchScreen.storyboard;
			sourceTree = "<group>";
		};
/* End PBXVariantGroup section */

/* Begin XCBuildConfiguration section */
		FB5D05B4268571CD000C7348 /* Debug */ = {
			isa = XCBuildConfiguration;
			buildSettings = {
				ALWAYS_SEARCH_USER_PATHS = NO;
				CLANG_ANALYZER_NONNULL = YES;
				CLANG_ANALYZER_NUMBER_OBJECT_CONVERSION = YES_AGGRESSIVE;
				CLANG_CXX_LANGUAGE_STANDARD = "gnu++14";
				CLANG_CXX_LIBRARY = "libc++";
				CLANG_ENABLE_MODULES = YES;
				CLANG_ENABLE_OBJC_ARC = YES;
				CLANG_ENABLE_OBJC_WEAK = YES;
				CLANG_WARN_BLOCK_CAPTURE_AUTORELEASING = YES;
				CLANG_WARN_BOOL_CONVERSION = YES;
				CLANG_WARN_COMMA = YES;
				CLANG_WARN_CONSTANT_CONVERSION = YES;
				CLANG_WARN_DEPRECATED_OBJC_IMPLEMENTATIONS = YES;
				CLANG_WARN_DIRECT_OBJC_ISA_USAGE = YES_ERROR;
				CLANG_WARN_DOCUMENTATION_COMMENTS = YES;
				CLANG_WARN_EMPTY_BODY = YES;
				CLANG_WARN_ENUM_CONVERSION = YES;
				CLANG_WARN_INFINITE_RECURSION = YES;
				CLANG_WARN_INT_CONVERSION = YES;
				CLANG_WARN_NON_LITERAL_NULL_CONVERSION = YES;
				CLANG_WARN_OBJC_IMPLICIT_RETAIN_SELF = YES;
				CLANG_WARN_OBJC_LITERAL_CONVERSION = YES;
				CLANG_WARN_OBJC_ROOT_CLASS = YES_ERROR;
				CLANG_WARN_QUOTED_INCLUDE_IN_FRAMEWORK_HEADER = YES;
				CLANG_WARN_RANGE_LOOP_ANALYSIS = YES;
				CLANG_WARN_STRICT_PROTOTYPES = YES;
				CLANG_WARN_SUSPICIOUS_MOVE = YES;
				CLANG_WARN_UNGUARDED_AVAILABILITY = YES_AGGRESSIVE;
				CLANG_WARN_UNREACHABLE_CODE = YES;
				CLANG_WARN__DUPLICATE_METHOD_MATCH = YES;
				COPY_PHASE_STRIP = NO;
				DEBUG_INFORMATION_FORMAT = dwarf;
				ENABLE_STRICT_OBJC_MSGSEND = YES;
				ENABLE_TESTABILITY = YES;
				GCC_C_LANGUAGE_STANDARD = gnu11;
				GCC_DYNAMIC_NO_PIC = NO;
				GCC_NO_COMMON_BLOCKS = YES;
				GCC_OPTIMIZATION_LEVEL = 0;
				GCC_PREPROCESSOR_DEFINITIONS = (
					"DEBUG=1",
					"$(inherited)",
				);
				GCC_WARN_64_TO_32_BIT_CONVERSION = YES;
				GCC_WARN_ABOUT_RETURN_TYPE = YES_ERROR;
				GCC_WARN_UNDECLARED_SELECTOR = YES;
				GCC_WARN_UNINITIALIZED_AUTOS = YES_AGGRESSIVE;
				GCC_WARN_UNUSED_FUNCTION = YES;
				GCC_WARN_UNUSED_VARIABLE = YES;
				IPHONEOS_DEPLOYMENT_TARGET = 14.5;
				MTL_ENABLE_DEBUG_INFO = INCLUDE_SOURCE;
				MTL_FAST_MATH = YES;
				ONLY_ACTIVE_ARCH = YES;
				SDKROOT = iphoneos;
				SWIFT_ACTIVE_COMPILATION_CONDITIONS = DEBUG;
				SWIFT_OPTIMIZATION_LEVEL = "-Onone";
			};
			name = Debug;
		};
		FB5D05B5268571CD000C7348 /* Release */ = {
			isa = XCBuildConfiguration;
			buildSettings = {
				ALWAYS_SEARCH_USER_PATHS = NO;
				CLANG_ANALYZER_NONNULL = YES;
				CLANG_ANALYZER_NUMBER_OBJECT_CONVERSION = YES_AGGRESSIVE;
				CLANG_CXX_LANGUAGE_STANDARD = "gnu++14";
				CLANG_CXX_LIBRARY = "libc++";
				CLANG_ENABLE_MODULES = YES;
				CLANG_ENABLE_OBJC_ARC = YES;
				CLANG_ENABLE_OBJC_WEAK = YES;
				CLANG_WARN_BLOCK_CAPTURE_AUTORELEASING = YES;
				CLANG_WARN_BOOL_CONVERSION = YES;
				CLANG_WARN_COMMA = YES;
				CLANG_WARN_CONSTANT_CONVERSION = YES;
				CLANG_WARN_DEPRECATED_OBJC_IMPLEMENTATIONS = YES;
				CLANG_WARN_DIRECT_OBJC_ISA_USAGE = YES_ERROR;
				CLANG_WARN_DOCUMENTATION_COMMENTS = YES;
				CLANG_WARN_EMPTY_BODY = YES;
				CLANG_WARN_ENUM_CONVERSION = YES;
				CLANG_WARN_INFINITE_RECURSION = YES;
				CLANG_WARN_INT_CONVERSION = YES;
				CLANG_WARN_NON_LITERAL_NULL_CONVERSION = YES;
				CLANG_WARN_OBJC_IMPLICIT_RETAIN_SELF = YES;
				CLANG_WARN_OBJC_LITERAL_CONVERSION = YES;
				CLANG_WARN_OBJC_ROOT_CLASS = YES_ERROR;
				CLANG_WARN_QUOTED_INCLUDE_IN_FRAMEWORK_HEADER = YES;
				CLANG_WARN_RANGE_LOOP_ANALYSIS = YES;
				CLANG_WARN_STRICT_PROTOTYPES = YES;
				CLANG_WARN_SUSPICIOUS_MOVE = YES;
				CLANG_WARN_UNGUARDED_AVAILABILITY = YES_AGGRESSIVE;
				CLANG_WARN_UNREACHABLE_CODE = YES;
				CLANG_WARN__DUPLICATE_METHOD_MATCH = YES;
				COPY_PHASE_STRIP = NO;
				DEBUG_INFORMATION_FORMAT = "dwarf-with-dsym";
				ENABLE_NS_ASSERTIONS = NO;
				ENABLE_STRICT_OBJC_MSGSEND = YES;
				GCC_C_LANGUAGE_STANDARD = gnu11;
				GCC_NO_COMMON_BLOCKS = YES;
				GCC_WARN_64_TO_32_BIT_CONVERSION = YES;
				GCC_WARN_ABOUT_RETURN_TYPE = YES_ERROR;
				GCC_WARN_UNDECLARED_SELECTOR = YES;
				GCC_WARN_UNINITIALIZED_AUTOS = YES_AGGRESSIVE;
				GCC_WARN_UNUSED_FUNCTION = YES;
				GCC_WARN_UNUSED_VARIABLE = YES;
				IPHONEOS_DEPLOYMENT_TARGET = 14.5;
				MTL_ENABLE_DEBUG_INFO = NO;
				MTL_FAST_MATH = YES;
				SDKROOT = iphoneos;
				SWIFT_COMPILATION_MODE = wholemodule;
				SWIFT_OPTIMIZATION_LEVEL = "-O";
				VALIDATE_PRODUCT = YES;
			};
			name = Release;
		};
		FB5D05B7268571CD000C7348 /* Debug */ = {
			isa = XCBuildConfiguration;
			baseConfigurationReference = FC61A1E27FC1DE8027E5C6A2 /* Pods-Alura Ingressos.debug.xcconfig */;
			buildSettings = {
				ASSETCATALOG_COMPILER_APPICON_NAME = AppIcon;
				ASSETCATALOG_COMPILER_GLOBAL_ACCENT_COLOR_NAME = AccentColor;
				CODE_SIGN_STYLE = Automatic;
				DEVELOPMENT_TEAM = V5T7RC33A5;
				INFOPLIST_FILE = "Alura Ingressos/Info.plist";
				LD_RUNPATH_SEARCH_PATHS = (
					"$(inherited)",
					"@executable_path/Frameworks",
				);
				PRODUCT_BUNDLE_IDENTIFIER = "com.github.edumaxsantos.Alura-Ingressos";
				PRODUCT_NAME = "$(TARGET_NAME)";
				SWIFT_VERSION = 5.0;
				TARGETED_DEVICE_FAMILY = "1,2";
			};
			name = Debug;
		};
		FB5D05B8268571CD000C7348 /* Release */ = {
			isa = XCBuildConfiguration;
			baseConfigurationReference = 8F84E52A6634A98BFA4793F0 /* Pods-Alura Ingressos.release.xcconfig */;
			buildSettings = {
				ASSETCATALOG_COMPILER_APPICON_NAME = AppIcon;
				ASSETCATALOG_COMPILER_GLOBAL_ACCENT_COLOR_NAME = AccentColor;
				CODE_SIGN_STYLE = Automatic;
				DEVELOPMENT_TEAM = V5T7RC33A5;
				INFOPLIST_FILE = "Alura Ingressos/Info.plist";
				LD_RUNPATH_SEARCH_PATHS = (
					"$(inherited)",
					"@executable_path/Frameworks",
				);
				PRODUCT_BUNDLE_IDENTIFIER = "com.github.edumaxsantos.Alura-Ingressos";
				PRODUCT_NAME = "$(TARGET_NAME)";
				SWIFT_VERSION = 5.0;
				TARGETED_DEVICE_FAMILY = "1,2";
			};
			name = Release;
		};
/* End XCBuildConfiguration section */

/* Begin XCConfigurationList section */
		FB5D059D268571CB000C7348 /* Build configuration list for PBXProject "Alura Ingressos" */ = {
			isa = XCConfigurationList;
			buildConfigurations = (
				FB5D05B4268571CD000C7348 /* Debug */,
				FB5D05B5268571CD000C7348 /* Release */,
			);
			defaultConfigurationIsVisible = 0;
			defaultConfigurationName = Release;
		};
		FB5D05B6268571CD000C7348 /* Build configuration list for PBXNativeTarget "Alura Ingressos" */ = {
			isa = XCConfigurationList;
			buildConfigurations = (
				FB5D05B7268571CD000C7348 /* Debug */,
				FB5D05B8268571CD000C7348 /* Release */,
			);
			defaultConfigurationIsVisible = 0;
			defaultConfigurationName = Release;
		};
/* End XCConfigurationList section */
	};
	rootObject = FB5D059A268571CB000C7348 /* Project object */;
}
